// !$*UTF8*$!
{
	archiveVersion = 1;
	classes = {
	};
	objectVersion = 56;
	objects = {

/* Begin PBXBuildFile section */
		2CE552382E268F9E004BE9AF /* AppDelegate.swift in Sources */ = {isa = PBXBuildFile; fileRef = 2CE552372E268F9E004BE9AF /* AppDelegate.swift */; };
		2CE5523A2E268F9E004BE9AF /* SceneDelegate.swift in Sources */ = {isa = PBXBuildFile; fileRef = 2CE552392E268F9E004BE9AF /* SceneDelegate.swift */; };
		2CE5523C2E268F9E004BE9AF /* ViewController.swift in Sources */ = {isa = PBXBuildFile; fileRef = 2CE5523B2E268F9E004BE9AF /* ViewController.swift */; };
		2CE552412E268FA0004BE9AF /* Assets.xcassets in Resources */ = {isa = PBXBuildFile; fileRef = 2CE552402E268FA0004BE9AF /* Assets.xcassets */; };
		2CE552442E268FA0004BE9AF /* Base in Resources */ = {isa = PBXBuildFile; fileRef = 2CE552432E268FA0004BE9AF /* Base */; };
		2CE5524D2E269159004BE9AF /* ViewController.swift in Sources */ = {isa = PBXBuildFile; fileRef = 2CE5523B2E268F9E004BE9AF /* ViewController.swift */; };
		2CE5524E2E269159004BE9AF /* AppDelegate.swift in Sources */ = {isa = PBXBuildFile; fileRef = 2CE552372E268F9E004BE9AF /* AppDelegate.swift */; };
		2CE5524F2E269159004BE9AF /* SceneDelegate.swift in Sources */ = {isa = PBXBuildFile; fileRef = 2CE552392E268F9E004BE9AF /* SceneDelegate.swift */; };
		2CE552522E269159004BE9AF /* Assets.xcassets in Resources */ = {isa = PBXBuildFile; fileRef = 2CE552402E268FA0004BE9AF /* Assets.xcassets */; };
		2CE552532E269159004BE9AF /* Base in Resources */ = {isa = PBXBuildFile; fileRef = 2CE552432E268FA0004BE9AF /* Base */; };
		2CE5525E2E26953F004BE9AF /* Alamofire in Frameworks */ = {isa = PBXBuildFile; productRef = 2CE5525D2E26953F004BE9AF /* Alamofire */; };
		2CE552602E269546004BE9AF /* Alamofire in Frameworks */ = {isa = PBXBuildFile; productRef = 2CE5525F2E269546004BE9AF /* Alamofire */; };
		2CE552632E269579004BE9AF /* Moya in Frameworks */ = {isa = PBXBuildFile; productRef = 2CE552622E269579004BE9AF /* Moya */; };
		2CE552652E26957C004BE9AF /* Moya in Frameworks */ = {isa = PBXBuildFile; productRef = 2CE552642E26957C004BE9AF /* Moya */; };
		2CE552682E292240004BE9AF /* Kingfisher in Frameworks */ = {isa = PBXBuildFile; productRef = 2CE552672E292240004BE9AF /* Kingfisher */; };
		2CE5526A2E292245004BE9AF /* Kingfisher in Frameworks */ = {isa = PBXBuildFile; productRef = 2CE552692E292245004BE9AF /* Kingfisher */; };
		AD848E162E2B49620003F09F /* ErrorResponse.swift in Sources */ = {isa = PBXBuildFile; fileRef = AD848E152E2B49620003F09F /* ErrorResponse.swift */; };
		AD848E172E2B49620003F09F /* ErrorResponse.swift in Sources */ = {isa = PBXBuildFile; fileRef = AD848E152E2B49620003F09F /* ErrorResponse.swift */; };
		AD848E1D2E2B4A430003F09F /* Endpoint.swift in Sources */ = {isa = PBXBuildFile; fileRef = AD848E1C2E2B4A430003F09F /* Endpoint.swift */; };
		AD848E1E2E2B4A430003F09F /* Endpoint.swift in Sources */ = {isa = PBXBuildFile; fileRef = AD848E1C2E2B4A430003F09F /* Endpoint.swift */; };
		AD848E262E2B55CF0003F09F /* APIConfiguration.swift in Sources */ = {isa = PBXBuildFile; fileRef = AD848E252E2B55CF0003F09F /* APIConfiguration.swift */; };
		AD848E272E2B55CF0003F09F /* APIConfiguration.swift in Sources */ = {isa = PBXBuildFile; fileRef = AD848E252E2B55CF0003F09F /* APIConfiguration.swift */; };
		AD848E362E2C93790003F09F /* LobbyResponse.swift in Sources */ = {isa = PBXBuildFile; fileRef = AD848E352E2C93790003F09F /* LobbyResponse.swift */; };
		AD848E372E2C93790003F09F /* LobbyResponse.swift in Sources */ = {isa = PBXBuildFile; fileRef = AD848E352E2C93790003F09F /* LobbyResponse.swift */; };
		AD848E392E2C93D40003F09F /* LobbyRepository.swift in Sources */ = {isa = PBXBuildFile; fileRef = AD848E382E2C93D40003F09F /* LobbyRepository.swift */; };
		AD848E3A2E2C93D40003F09F /* LobbyRepository.swift in Sources */ = {isa = PBXBuildFile; fileRef = AD848E382E2C93D40003F09F /* LobbyRepository.swift */; };
		AD848E3F2E2C94660003F09F /* LobbyInterface.swift in Sources */ = {isa = PBXBuildFile; fileRef = AD848E3E2E2C94660003F09F /* LobbyInterface.swift */; };
		AD848E402E2C94660003F09F /* LobbyInterface.swift in Sources */ = {isa = PBXBuildFile; fileRef = AD848E3E2E2C94660003F09F /* LobbyInterface.swift */; };
		AD848E422E2C9B2A0003F09F /* LobbyUseCase.swift in Sources */ = {isa = PBXBuildFile; fileRef = AD848E412E2C9B2A0003F09F /* LobbyUseCase.swift */; };
		AD848E432E2C9B2A0003F09F /* LobbyUseCase.swift in Sources */ = {isa = PBXBuildFile; fileRef = AD848E412E2C9B2A0003F09F /* LobbyUseCase.swift */; };
		AD848E452E2C9BEC0003F09F /* Lobby.swift in Sources */ = {isa = PBXBuildFile; fileRef = AD848E442E2C9BEC0003F09F /* Lobby.swift */; };
		AD848E462E2C9BEC0003F09F /* Lobby.swift in Sources */ = {isa = PBXBuildFile; fileRef = AD848E442E2C9BEC0003F09F /* Lobby.swift */; };
		AD848E482E2C9D1D0003F09F /* ViewModel.swift in Sources */ = {isa = PBXBuildFile; fileRef = AD848E472E2C9D1D0003F09F /* ViewModel.swift */; };
		AD848E492E2C9D1D0003F09F /* ViewModel.swift in Sources */ = {isa = PBXBuildFile; fileRef = AD848E472E2C9D1D0003F09F /* ViewModel.swift */; };
		2CE552732E2B6EEA004BE9AF /* Logger.swift in Sources */ = {isa = PBXBuildFile; fileRef = 2CE552722E2B6EEA004BE9AF /* Logger.swift */; };
		2CE552742E2B6EEA004BE9AF /* Logger.swift in Sources */ = {isa = PBXBuildFile; fileRef = 2CE552722E2B6EEA004BE9AF /* Logger.swift */; };
/* End PBXBuildFile section */

/* Begin PBXFileReference section */
		2CE552342E268F9E004BE9AF /* Meme-release.app */ = {isa = PBXFileReference; explicitFileType = wrapper.application; includeInIndex = 0; path = "Meme-release.app"; sourceTree = BUILT_PRODUCTS_DIR; };
		2CE552372E268F9E004BE9AF /* AppDelegate.swift */ = {isa = PBXFileReference; lastKnownFileType = sourcecode.swift; path = AppDelegate.swift; sourceTree = "<group>"; };
		2CE552392E268F9E004BE9AF /* SceneDelegate.swift */ = {isa = PBXFileReference; lastKnownFileType = sourcecode.swift; path = SceneDelegate.swift; sourceTree = "<group>"; };
		2CE5523B2E268F9E004BE9AF /* ViewController.swift */ = {isa = PBXFileReference; lastKnownFileType = sourcecode.swift; path = ViewController.swift; sourceTree = "<group>"; };
		2CE552402E268FA0004BE9AF /* Assets.xcassets */ = {isa = PBXFileReference; lastKnownFileType = folder.assetcatalog; path = Assets.xcassets; sourceTree = "<group>"; };
		2CE552432E268FA0004BE9AF /* Base */ = {isa = PBXFileReference; lastKnownFileType = file.storyboard; name = Base; path = Base.lproj/LaunchScreen.storyboard; sourceTree = "<group>"; };
		2CE552452E268FA0004BE9AF /* Info.plist */ = {isa = PBXFileReference; lastKnownFileType = text.plist.xml; path = Info.plist; sourceTree = "<group>"; };
		2CE552572E269159004BE9AF /* Meme-dev.app */ = {isa = PBXFileReference; explicitFileType = wrapper.application; includeInIndex = 0; path = "Meme-dev.app"; sourceTree = BUILT_PRODUCTS_DIR; };
		2CE552592E26928D004BE9AF /* Development.xcconfig */ = {isa = PBXFileReference; lastKnownFileType = text.xcconfig; path = Development.xcconfig; sourceTree = "<group>"; };
		2CE5525A2E269298004BE9AF /* Release.xcconfig */ = {isa = PBXFileReference; lastKnownFileType = text.xcconfig; path = Release.xcconfig; sourceTree = "<group>"; };
		AD848E152E2B49620003F09F /* ErrorResponse.swift */ = {isa = PBXFileReference; lastKnownFileType = sourcecode.swift; path = ErrorResponse.swift; sourceTree = "<group>"; };
		AD848E1C2E2B4A430003F09F /* Endpoint.swift */ = {isa = PBXFileReference; lastKnownFileType = sourcecode.swift; path = Endpoint.swift; sourceTree = "<group>"; };
		AD848E252E2B55CF0003F09F /* APIConfiguration.swift */ = {isa = PBXFileReference; lastKnownFileType = sourcecode.swift; path = APIConfiguration.swift; sourceTree = "<group>"; };
		AD848E352E2C93790003F09F /* LobbyResponse.swift */ = {isa = PBXFileReference; lastKnownFileType = sourcecode.swift; path = LobbyResponse.swift; sourceTree = "<group>"; };
		AD848E382E2C93D40003F09F /* LobbyRepository.swift */ = {isa = PBXFileReference; lastKnownFileType = sourcecode.swift; path = LobbyRepository.swift; sourceTree = "<group>"; };
		AD848E3E2E2C94660003F09F /* LobbyInterface.swift */ = {isa = PBXFileReference; lastKnownFileType = sourcecode.swift; path = LobbyInterface.swift; sourceTree = "<group>"; };
		AD848E412E2C9B2A0003F09F /* LobbyUseCase.swift */ = {isa = PBXFileReference; lastKnownFileType = sourcecode.swift; path = LobbyUseCase.swift; sourceTree = "<group>"; };
		AD848E442E2C9BEC0003F09F /* Lobby.swift */ = {isa = PBXFileReference; lastKnownFileType = sourcecode.swift; path = Lobby.swift; sourceTree = "<group>"; };
		AD848E472E2C9D1D0003F09F /* ViewModel.swift */ = {isa = PBXFileReference; lastKnownFileType = sourcecode.swift; path = ViewModel.swift; sourceTree = "<group>"; };
		2CE552722E2B6EEA004BE9AF /* Logger.swift */ = {isa = PBXFileReference; lastKnownFileType = sourcecode.swift; path = Logger.swift; sourceTree = "<group>"; };
/* End PBXFileReference section */

/* Begin PBXFrameworksBuildPhase section */
		2CE552312E268F9E004BE9AF /* Frameworks */ = {
			isa = PBXFrameworksBuildPhase;
			buildActionMask = 2147483647;
			files = (
				2CE5526A2E292245004BE9AF /* Kingfisher in Frameworks */,
				2CE552632E269579004BE9AF /* Moya in Frameworks */,
				2CE5525E2E26953F004BE9AF /* Alamofire in Frameworks */,
			);
			runOnlyForDeploymentPostprocessing = 0;
		};
		2CE552502E269159004BE9AF /* Frameworks */ = {
			isa = PBXFrameworksBuildPhase;
			buildActionMask = 2147483647;
			files = (
				2CE552682E292240004BE9AF /* Kingfisher in Frameworks */,
				2CE552652E26957C004BE9AF /* Moya in Frameworks */,
				2CE552602E269546004BE9AF /* Alamofire in Frameworks */,
			);
			runOnlyForDeploymentPostprocessing = 0;
		};
/* End PBXFrameworksBuildPhase section */

/* Begin PBXGroup section */
		2CE5522B2E268F9E004BE9AF = {
			isa = PBXGroup;
			children = (
				2CE552362E268F9E004BE9AF /* Meme */,
				2CE552352E268F9E004BE9AF /* Products */,
				2CE5525C2E26953F004BE9AF /* Frameworks */,
			);
			sourceTree = "<group>";
		};
		2CE552352E268F9E004BE9AF /* Products */ = {
			isa = PBXGroup;
			children = (
				2CE552342E268F9E004BE9AF /* Meme-release.app */,
				2CE552572E269159004BE9AF /* Meme-dev.app */,
			);
			name = Products;
			sourceTree = "<group>";
		};
		2CE552362E268F9E004BE9AF /* Meme */ = {
			isa = PBXGroup;
			children = (
				AD848E112E2B42F30003F09F /* Sources */,
				AD848E122E2B42F90003F09F /* Resources */,
				2CE552722E2B6EEA004BE9AF /* Logger.swift */
			);
			path = Meme;
			sourceTree = "<group>";
		};
		2CE5525C2E26953F004BE9AF /* Frameworks */ = {
			isa = PBXGroup;
			children = (
			);
			name = Frameworks;
			sourceTree = "<group>";
		};
		AD848E112E2B42F30003F09F /* Sources */ = {
			isa = PBXGroup;
			children = (
				AD848E132E2B45350003F09F /* Base */,
				AD848E232E2B55B30003F09F /* Wiki */,
				2CE552422E268FA0004BE9AF /* LaunchScreen.storyboard */,
				2CE552372E268F9E004BE9AF /* AppDelegate.swift */,
				2CE552392E268F9E004BE9AF /* SceneDelegate.swift */,
				2CE5523B2E268F9E004BE9AF /* ViewController.swift */,
			);
			path = Sources;
			sourceTree = "<group>";
		};
		AD848E122E2B42F90003F09F /* Resources */ = {
			isa = PBXGroup;
			children = (
				2CE552402E268FA0004BE9AF /* Assets.xcassets */,
				2CE552452E268FA0004BE9AF /* Info.plist */,
				2CE552592E26928D004BE9AF /* Development.xcconfig */,
				2CE5525A2E269298004BE9AF /* Release.xcconfig */,
			);
			path = Resources;
			sourceTree = "<group>";
		};
		AD848E132E2B45350003F09F /* Base */ = {
			isa = PBXGroup;
			children = (
				AD848E222E2B559B0003F09F /* API */,
			);
			path = Base;
			sourceTree = "<group>";
		};
		AD848E142E2B45400003F09F /* Error */ = {
			isa = PBXGroup;
			children = (
				AD848E152E2B49620003F09F /* ErrorResponse.swift */,
			);
			path = Error;
			sourceTree = "<group>";
		};
		AD848E182E2B49A50003F09F /* Network */ = {
			isa = PBXGroup;
			children = (
				AD848E1C2E2B4A430003F09F /* Endpoint.swift */,
			);
			path = Network;
			sourceTree = "<group>";
		};
		AD848E222E2B559B0003F09F /* API */ = {
			isa = PBXGroup;
			children = (
				AD848E142E2B45400003F09F /* Error */,
				AD848E252E2B55CF0003F09F /* APIConfiguration.swift */,
			);
			path = API;
			sourceTree = "<group>";
		};
		AD848E232E2B55B30003F09F /* Wiki */ = {
			isa = PBXGroup;
			children = (
				AD848E242E2B55BB0003F09F /* Data */,
				AD848E322E2C92DD0003F09F /* Domain */,
				AD848E332E2C92E20003F09F /* Presentation */,
			);
			path = Wiki;
			sourceTree = "<group>";
		};
		AD848E242E2B55BB0003F09F /* Data */ = {
			isa = PBXGroup;
			children = (
				AD848E342E2C936A0003F09F /* DTO */,
				AD848E282E2C8C6B0003F09F /* Repository */,
				AD848E182E2B49A50003F09F /* Network */,
			);
			path = Data;
			sourceTree = "<group>";
		};
		AD848E282E2C8C6B0003F09F /* Repository */ = {
			isa = PBXGroup;
			children = (
				AD848E382E2C93D40003F09F /* LobbyRepository.swift */,
			);
			path = Repository;
			sourceTree = "<group>";
		};
		AD848E322E2C92DD0003F09F /* Domain */ = {
			isa = PBXGroup;
			children = (
				AD848E3D2E2C94420003F09F /* Entity */,
				AD848E3C2E2C943C0003F09F /* Interface */,
				AD848E3B2E2C942B0003F09F /* UseCase */,
			);
			path = Domain;
			sourceTree = "<group>";
		};
		AD848E332E2C92E20003F09F /* Presentation */ = {
			isa = PBXGroup;
			children = (
				AD848E472E2C9D1D0003F09F /* ViewModel.swift */,
			);
			path = Presentation;
			sourceTree = "<group>";
		};
		AD848E342E2C936A0003F09F /* DTO */ = {
			isa = PBXGroup;
			children = (
				AD848E352E2C93790003F09F /* LobbyResponse.swift */,
			);
			path = DTO;
			sourceTree = "<group>";
		};
		AD848E3B2E2C942B0003F09F /* UseCase */ = {
			isa = PBXGroup;
			children = (
				AD848E412E2C9B2A0003F09F /* LobbyUseCase.swift */,
			);
			path = UseCase;
			sourceTree = "<group>";
		};
		AD848E3C2E2C943C0003F09F /* Interface */ = {
			isa = PBXGroup;
			children = (
				AD848E3E2E2C94660003F09F /* LobbyInterface.swift */,
			);
			path = Interface;
			sourceTree = "<group>";
		};
		AD848E3D2E2C94420003F09F /* Entity */ = {
			isa = PBXGroup;
			children = (
				AD848E442E2C9BEC0003F09F /* Lobby.swift */,
			);
			path = Entity;
			sourceTree = "<group>";
		};
/* End PBXGroup section */

/* Begin PBXNativeTarget section */
		2CE552332E268F9E004BE9AF /* Meme-release */ = {
			isa = PBXNativeTarget;
			buildConfigurationList = 2CE552482E268FA0004BE9AF /* Build configuration list for PBXNativeTarget "Meme-release" */;
			buildPhases = (
				2CE552302E268F9E004BE9AF /* Sources */,
				2CE552312E268F9E004BE9AF /* Frameworks */,
				2CE552322E268F9E004BE9AF /* Resources */,
			);
			buildRules = (
			);
			dependencies = (
			);
			name = "Meme-release";
			packageProductDependencies = (
				2CE5525D2E26953F004BE9AF /* Alamofire */,
				2CE552622E269579004BE9AF /* Moya */,
				2CE552692E292245004BE9AF /* Kingfisher */,
			);
			productName = Meme;
			productReference = 2CE552342E268F9E004BE9AF /* Meme-release.app */;
			productType = "com.apple.product-type.application";
		};
		2CE5524B2E269159004BE9AF /* Meme-dev */ = {
			isa = PBXNativeTarget;
			buildConfigurationList = 2CE552542E269159004BE9AF /* Build configuration list for PBXNativeTarget "Meme-dev" */;
			buildPhases = (
				2CE5524C2E269159004BE9AF /* Sources */,
				2CE552502E269159004BE9AF /* Frameworks */,
				2CE552512E269159004BE9AF /* Resources */,
			);
			buildRules = (
			);
			dependencies = (
			);
			name = "Meme-dev";
			packageProductDependencies = (
				2CE5525F2E269546004BE9AF /* Alamofire */,
				2CE552642E26957C004BE9AF /* Moya */,
				2CE552672E292240004BE9AF /* Kingfisher */,
			);
			productName = Meme;
			productReference = 2CE552572E269159004BE9AF /* Meme-dev.app */;
			productType = "com.apple.product-type.application";
		};
/* End PBXNativeTarget section */

/* Begin PBXProject section */
		2CE5522C2E268F9E004BE9AF /* Project object */ = {
			isa = PBXProject;
			attributes = {
				BuildIndependentTargetsInParallel = 1;
				LastSwiftUpdateCheck = 1540;
				LastUpgradeCheck = 1540;
				TargetAttributes = {
					2CE552332E268F9E004BE9AF = {
						CreatedOnToolsVersion = 15.4;
					};
				};
			};
			buildConfigurationList = 2CE5522F2E268F9E004BE9AF /* Build configuration list for PBXProject "Meme" */;
			compatibilityVersion = "Xcode 14.0";
			developmentRegion = en;
			hasScannedForEncodings = 0;
			knownRegions = (
				en,
				Base,
			);
			mainGroup = 2CE5522B2E268F9E004BE9AF;
			packageReferences = (
				2CE5525B2E269532004BE9AF /* XCRemoteSwiftPackageReference "Alamofire" */,
				2CE552612E269571004BE9AF /* XCRemoteSwiftPackageReference "Moya" */,
				2CE552662E29220E004BE9AF /* XCRemoteSwiftPackageReference "Kingfisher" */,
			);
			productRefGroup = 2CE552352E268F9E004BE9AF /* Products */;
			projectDirPath = "";
			projectRoot = "";
			targets = (
				2CE552332E268F9E004BE9AF /* Meme-release */,
				2CE5524B2E269159004BE9AF /* Meme-dev */,
			);
		};
/* End PBXProject section */

/* Begin PBXResourcesBuildPhase section */
		2CE552322E268F9E004BE9AF /* Resources */ = {
			isa = PBXResourcesBuildPhase;
			buildActionMask = 2147483647;
			files = (
				2CE552412E268FA0004BE9AF /* Assets.xcassets in Resources */,
				2CE552442E268FA0004BE9AF /* Base in Resources */,
			);
			runOnlyForDeploymentPostprocessing = 0;
		};
		2CE552512E269159004BE9AF /* Resources */ = {
			isa = PBXResourcesBuildPhase;
			buildActionMask = 2147483647;
			files = (
				2CE552522E269159004BE9AF /* Assets.xcassets in Resources */,
				2CE552532E269159004BE9AF /* Base in Resources */,
			);
			runOnlyForDeploymentPostprocessing = 0;
		};
/* End PBXResourcesBuildPhase section */

/* Begin PBXSourcesBuildPhase section */
		2CE552302E268F9E004BE9AF /* Sources */ = {
			isa = PBXSourcesBuildPhase;
			buildActionMask = 2147483647;
			files = (
				2CE5523C2E268F9E004BE9AF /* ViewController.swift in Sources */,
				AD848E262E2B55CF0003F09F /* APIConfiguration.swift in Sources */,
				AD848E462E2C9BEC0003F09F /* Lobby.swift in Sources */,
				AD848E3A2E2C93D40003F09F /* LobbyRepository.swift in Sources */,
				AD848E402E2C94660003F09F /* LobbyInterface.swift in Sources */,
				AD848E372E2C93790003F09F /* LobbyResponse.swift in Sources */,
				2CE552382E268F9E004BE9AF /* AppDelegate.swift in Sources */,
				2CE5523A2E268F9E004BE9AF /* SceneDelegate.swift in Sources */,
				AD848E432E2C9B2A0003F09F /* LobbyUseCase.swift in Sources */,
				AD848E1D2E2B4A430003F09F /* Endpoint.swift in Sources */,
				AD848E482E2C9D1D0003F09F /* ViewModel.swift in Sources */,
				AD848E162E2B49620003F09F /* ErrorResponse.swift in Sources */,
				2CE552732E2B6EEA004BE9AF /* Logger.swift in Sources */,
			);
			runOnlyForDeploymentPostprocessing = 0;
		};
		2CE5524C2E269159004BE9AF /* Sources */ = {
			isa = PBXSourcesBuildPhase;
			buildActionMask = 2147483647;
			files = (
				2CE5524D2E269159004BE9AF /* ViewController.swift in Sources */,
				AD848E272E2B55CF0003F09F /* APIConfiguration.swift in Sources */,
				AD848E452E2C9BEC0003F09F /* Lobby.swift in Sources */,
				AD848E392E2C93D40003F09F /* LobbyRepository.swift in Sources */,
				AD848E3F2E2C94660003F09F /* LobbyInterface.swift in Sources */,
				AD848E362E2C93790003F09F /* LobbyResponse.swift in Sources */,
				2CE5524E2E269159004BE9AF /* AppDelegate.swift in Sources */,
				2CE5524F2E269159004BE9AF /* SceneDelegate.swift in Sources */,
				AD848E422E2C9B2A0003F09F /* LobbyUseCase.swift in Sources */,
				AD848E1E2E2B4A430003F09F /* Endpoint.swift in Sources */,
				AD848E492E2C9D1D0003F09F /* ViewModel.swift in Sources */,
				AD848E172E2B49620003F09F /* ErrorResponse.swift in Sources */,
				2CE552742E2B6EEA004BE9AF /* Logger.swift in Sources */,
			);
			runOnlyForDeploymentPostprocessing = 0;
		};
/* End PBXSourcesBuildPhase section */

/* Begin PBXVariantGroup section */
		2CE552422E268FA0004BE9AF /* LaunchScreen.storyboard */ = {
			isa = PBXVariantGroup;
			children = (
				2CE552432E268FA0004BE9AF /* Base */,
			);
			name = LaunchScreen.storyboard;
			sourceTree = "<group>";
		};
/* End PBXVariantGroup section */

/* Begin XCBuildConfiguration section */
		2CE552462E268FA0004BE9AF /* Debug */ = {
			isa = XCBuildConfiguration;
			baseConfigurationReference = 2CE552592E26928D004BE9AF /* Development.xcconfig */;
			buildSettings = {
				ALWAYS_SEARCH_USER_PATHS = NO;
				ASSETCATALOG_COMPILER_GENERATE_SWIFT_ASSET_SYMBOL_EXTENSIONS = YES;
				CLANG_ANALYZER_NONNULL = YES;
				CLANG_ANALYZER_NUMBER_OBJECT_CONVERSION = YES_AGGRESSIVE;
				CLANG_CXX_LANGUAGE_STANDARD = "gnu++20";
				CLANG_ENABLE_MODULES = YES;
				CLANG_ENABLE_OBJC_ARC = YES;
				CLANG_ENABLE_OBJC_WEAK = YES;
				CLANG_WARN_BLOCK_CAPTURE_AUTORELEASING = YES;
				CLANG_WARN_BOOL_CONVERSION = YES;
				CLANG_WARN_COMMA = YES;
				CLANG_WARN_CONSTANT_CONVERSION = YES;
				CLANG_WARN_DEPRECATED_OBJC_IMPLEMENTATIONS = YES;
				CLANG_WARN_DIRECT_OBJC_ISA_USAGE = YES_ERROR;
				CLANG_WARN_DOCUMENTATION_COMMENTS = YES;
				CLANG_WARN_EMPTY_BODY = YES;
				CLANG_WARN_ENUM_CONVERSION = YES;
				CLANG_WARN_INFINITE_RECURSION = YES;
				CLANG_WARN_INT_CONVERSION = YES;
				CLANG_WARN_NON_LITERAL_NULL_CONVERSION = YES;
				CLANG_WARN_OBJC_IMPLICIT_RETAIN_SELF = YES;
				CLANG_WARN_OBJC_LITERAL_CONVERSION = YES;
				CLANG_WARN_OBJC_ROOT_CLASS = YES_ERROR;
				CLANG_WARN_QUOTED_INCLUDE_IN_FRAMEWORK_HEADER = YES;
				CLANG_WARN_RANGE_LOOP_ANALYSIS = YES;
				CLANG_WARN_STRICT_PROTOTYPES = YES;
				CLANG_WARN_SUSPICIOUS_MOVE = YES;
				CLANG_WARN_UNGUARDED_AVAILABILITY = YES_AGGRESSIVE;
				CLANG_WARN_UNREACHABLE_CODE = YES;
				CLANG_WARN__DUPLICATE_METHOD_MATCH = YES;
				COPY_PHASE_STRIP = NO;
				DEBUG_INFORMATION_FORMAT = dwarf;
				ENABLE_STRICT_OBJC_MSGSEND = YES;
				ENABLE_TESTABILITY = YES;
				ENABLE_USER_SCRIPT_SANDBOXING = YES;
				GCC_C_LANGUAGE_STANDARD = gnu17;
				GCC_DYNAMIC_NO_PIC = NO;
				GCC_NO_COMMON_BLOCKS = YES;
				GCC_OPTIMIZATION_LEVEL = 0;
				GCC_PREPROCESSOR_DEFINITIONS = (
					"DEBUG=1",
					"$(inherited)",
				);
				GCC_WARN_64_TO_32_BIT_CONVERSION = YES;
				GCC_WARN_ABOUT_RETURN_TYPE = YES_ERROR;
				GCC_WARN_UNDECLARED_SELECTOR = YES;
				GCC_WARN_UNINITIALIZED_AUTOS = YES_AGGRESSIVE;
				GCC_WARN_UNUSED_FUNCTION = YES;
				GCC_WARN_UNUSED_VARIABLE = YES;
				IPHONEOS_DEPLOYMENT_TARGET = 17.5;
				LOCALIZATION_PREFERS_STRING_CATALOGS = YES;
				MTL_ENABLE_DEBUG_INFO = INCLUDE_SOURCE;
				MTL_FAST_MATH = YES;
				ONLY_ACTIVE_ARCH = YES;
				SDKROOT = iphoneos;
				SWIFT_ACTIVE_COMPILATION_CONDITIONS = "DEBUG $(inherited)";
				SWIFT_OPTIMIZATION_LEVEL = "-Onone";
			};
			name = Debug;
		};
		2CE552472E268FA0004BE9AF /* Release */ = {
			isa = XCBuildConfiguration;
			baseConfigurationReference = 2CE5525A2E269298004BE9AF /* Release.xcconfig */;
			buildSettings = {
				ALWAYS_SEARCH_USER_PATHS = NO;
				ASSETCATALOG_COMPILER_GENERATE_SWIFT_ASSET_SYMBOL_EXTENSIONS = YES;
				CLANG_ANALYZER_NONNULL = YES;
				CLANG_ANALYZER_NUMBER_OBJECT_CONVERSION = YES_AGGRESSIVE;
				CLANG_CXX_LANGUAGE_STANDARD = "gnu++20";
				CLANG_ENABLE_MODULES = YES;
				CLANG_ENABLE_OBJC_ARC = YES;
				CLANG_ENABLE_OBJC_WEAK = YES;
				CLANG_WARN_BLOCK_CAPTURE_AUTORELEASING = YES;
				CLANG_WARN_BOOL_CONVERSION = YES;
				CLANG_WARN_COMMA = YES;
				CLANG_WARN_CONSTANT_CONVERSION = YES;
				CLANG_WARN_DEPRECATED_OBJC_IMPLEMENTATIONS = YES;
				CLANG_WARN_DIRECT_OBJC_ISA_USAGE = YES_ERROR;
				CLANG_WARN_DOCUMENTATION_COMMENTS = YES;
				CLANG_WARN_EMPTY_BODY = YES;
				CLANG_WARN_ENUM_CONVERSION = YES;
				CLANG_WARN_INFINITE_RECURSION = YES;
				CLANG_WARN_INT_CONVERSION = YES;
				CLANG_WARN_NON_LITERAL_NULL_CONVERSION = YES;
				CLANG_WARN_OBJC_IMPLICIT_RETAIN_SELF = YES;
				CLANG_WARN_OBJC_LITERAL_CONVERSION = YES;
				CLANG_WARN_OBJC_ROOT_CLASS = YES_ERROR;
				CLANG_WARN_QUOTED_INCLUDE_IN_FRAMEWORK_HEADER = YES;
				CLANG_WARN_RANGE_LOOP_ANALYSIS = YES;
				CLANG_WARN_STRICT_PROTOTYPES = YES;
				CLANG_WARN_SUSPICIOUS_MOVE = YES;
				CLANG_WARN_UNGUARDED_AVAILABILITY = YES_AGGRESSIVE;
				CLANG_WARN_UNREACHABLE_CODE = YES;
				CLANG_WARN__DUPLICATE_METHOD_MATCH = YES;
				COPY_PHASE_STRIP = NO;
				DEBUG_INFORMATION_FORMAT = "dwarf-with-dsym";
				ENABLE_NS_ASSERTIONS = NO;
				ENABLE_STRICT_OBJC_MSGSEND = YES;
				ENABLE_USER_SCRIPT_SANDBOXING = YES;
				GCC_C_LANGUAGE_STANDARD = gnu17;
				GCC_NO_COMMON_BLOCKS = YES;
				GCC_WARN_64_TO_32_BIT_CONVERSION = YES;
				GCC_WARN_ABOUT_RETURN_TYPE = YES_ERROR;
				GCC_WARN_UNDECLARED_SELECTOR = YES;
				GCC_WARN_UNINITIALIZED_AUTOS = YES_AGGRESSIVE;
				GCC_WARN_UNUSED_FUNCTION = YES;
				GCC_WARN_UNUSED_VARIABLE = YES;
				IPHONEOS_DEPLOYMENT_TARGET = 17.5;
				LOCALIZATION_PREFERS_STRING_CATALOGS = YES;
				MTL_ENABLE_DEBUG_INFO = NO;
				MTL_FAST_MATH = YES;
				SDKROOT = iphoneos;
				SWIFT_COMPILATION_MODE = wholemodule;
				VALIDATE_PRODUCT = YES;
			};
			name = Release;
		};
		2CE552492E268FA0004BE9AF /* Debug */ = {
			isa = XCBuildConfiguration;
			baseConfigurationReference = 2CE5525A2E269298004BE9AF /* Release.xcconfig */;
			buildSettings = {
				ASSETCATALOG_COMPILER_APPICON_NAME = AppIcon;
				ASSETCATALOG_COMPILER_GLOBAL_ACCENT_COLOR_NAME = AccentColor;
				CODE_SIGN_STYLE = Automatic;
				CURRENT_PROJECT_VERSION = 1;
				GENERATE_INFOPLIST_FILE = YES;
				INFOPLIST_FILE = Meme/Info.plist;
				INFOPLIST_KEY_LSApplicationCategoryType = "";
				INFOPLIST_KEY_UIApplicationSupportsIndirectInputEvents = YES;
				INFOPLIST_KEY_UILaunchStoryboardName = LaunchScreen;
				INFOPLIST_KEY_UIMainStoryboardFile = "";
				INFOPLIST_KEY_UISupportedInterfaceOrientations_iPad = "UIInterfaceOrientationPortrait UIInterfaceOrientationPortraitUpsideDown UIInterfaceOrientationLandscapeLeft UIInterfaceOrientationLandscapeRight";
				INFOPLIST_KEY_UISupportedInterfaceOrientations_iPhone = "UIInterfaceOrientationPortrait UIInterfaceOrientationLandscapeLeft UIInterfaceOrientationLandscapeRight";
				IPHONEOS_DEPLOYMENT_TARGET = 16.0;
				LD_RUNPATH_SEARCH_PATHS = (
					"$(inherited)",
					"@executable_path/Frameworks",
				);
				MARKETING_VERSION = 1.0;
				PRODUCT_BUNDLE_IDENTIFIER = com.leemhyungyu.Meme;
				PRODUCT_NAME = "$(TARGET_NAME)";
				SWIFT_EMIT_LOC_STRINGS = YES;
				SWIFT_VERSION = 5.0;
				TARGETED_DEVICE_FAMILY = "1,2";
			};
			name = Debug;
		};
		2CE5524A2E268FA0004BE9AF /* Release */ = {
			isa = XCBuildConfiguration;
			baseConfigurationReference = 2CE5525A2E269298004BE9AF /* Release.xcconfig */;
			buildSettings = {
				ASSETCATALOG_COMPILER_APPICON_NAME = AppIcon;
				ASSETCATALOG_COMPILER_GLOBAL_ACCENT_COLOR_NAME = AccentColor;
				CODE_SIGN_STYLE = Automatic;
				CURRENT_PROJECT_VERSION = 1;
				GENERATE_INFOPLIST_FILE = YES;
				INFOPLIST_FILE = Meme/Info.plist;
				INFOPLIST_KEY_LSApplicationCategoryType = "";
				INFOPLIST_KEY_UIApplicationSupportsIndirectInputEvents = YES;
				INFOPLIST_KEY_UILaunchStoryboardName = LaunchScreen;
				INFOPLIST_KEY_UIMainStoryboardFile = "";
				INFOPLIST_KEY_UISupportedInterfaceOrientations_iPad = "UIInterfaceOrientationPortrait UIInterfaceOrientationPortraitUpsideDown UIInterfaceOrientationLandscapeLeft UIInterfaceOrientationLandscapeRight";
				INFOPLIST_KEY_UISupportedInterfaceOrientations_iPhone = "UIInterfaceOrientationPortrait UIInterfaceOrientationLandscapeLeft UIInterfaceOrientationLandscapeRight";
				IPHONEOS_DEPLOYMENT_TARGET = 16.0;
				LD_RUNPATH_SEARCH_PATHS = (
					"$(inherited)",
					"@executable_path/Frameworks",
				);
				MARKETING_VERSION = 1.0;
				PRODUCT_BUNDLE_IDENTIFIER = com.leemhyungyu.Meme;
				PRODUCT_NAME = "$(TARGET_NAME)";
				SWIFT_EMIT_LOC_STRINGS = YES;
				SWIFT_VERSION = 5.0;
				TARGETED_DEVICE_FAMILY = "1,2";
			};
			name = Release;
		};
		2CE552552E269159004BE9AF /* Debug */ = {
			isa = XCBuildConfiguration;
			baseConfigurationReference = 2CE552592E26928D004BE9AF /* Development.xcconfig */;
			buildSettings = {
				ASSETCATALOG_COMPILER_APPICON_NAME = AppIcon;
				ASSETCATALOG_COMPILER_GLOBAL_ACCENT_COLOR_NAME = AccentColor;
				CODE_SIGN_STYLE = Automatic;
				CURRENT_PROJECT_VERSION = 1;
				GENERATE_INFOPLIST_FILE = YES;
				INFOPLIST_FILE = Meme/info.plist;
				INFOPLIST_KEY_UIApplicationSupportsIndirectInputEvents = YES;
				INFOPLIST_KEY_UILaunchStoryboardName = LaunchScreen;
				INFOPLIST_KEY_UIMainStoryboardFile = "";
				INFOPLIST_KEY_UISupportedInterfaceOrientations_iPad = "UIInterfaceOrientationPortrait UIInterfaceOrientationPortraitUpsideDown UIInterfaceOrientationLandscapeLeft UIInterfaceOrientationLandscapeRight";
				INFOPLIST_KEY_UISupportedInterfaceOrientations_iPhone = "UIInterfaceOrientationPortrait UIInterfaceOrientationLandscapeLeft UIInterfaceOrientationLandscapeRight";
				LD_RUNPATH_SEARCH_PATHS = (
					"$(inherited)",
					"@executable_path/Frameworks",
				);
				MARKETING_VERSION = 1.0;
				PRODUCT_BUNDLE_IDENTIFIER = com.leemhyungyu.Meme;
				PRODUCT_NAME = "$(TARGET_NAME)";
				SWIFT_EMIT_LOC_STRINGS = YES;
				SWIFT_VERSION = 5.0;
				TARGETED_DEVICE_FAMILY = "1,2";
			};
			name = Debug;
		};
		2CE552562E269159004BE9AF /* Release */ = {
			isa = XCBuildConfiguration;
			baseConfigurationReference = 2CE552592E26928D004BE9AF /* Development.xcconfig */;
			buildSettings = {
				ASSETCATALOG_COMPILER_APPICON_NAME = AppIcon;
				ASSETCATALOG_COMPILER_GLOBAL_ACCENT_COLOR_NAME = AccentColor;
				CODE_SIGN_STYLE = Automatic;
				CURRENT_PROJECT_VERSION = 1;
				GENERATE_INFOPLIST_FILE = YES;
				INFOPLIST_FILE = Meme/info.plist;
				INFOPLIST_KEY_UIApplicationSupportsIndirectInputEvents = YES;
				INFOPLIST_KEY_UILaunchStoryboardName = LaunchScreen;
				INFOPLIST_KEY_UIMainStoryboardFile = "";
				INFOPLIST_KEY_UISupportedInterfaceOrientations_iPad = "UIInterfaceOrientationPortrait UIInterfaceOrientationPortraitUpsideDown UIInterfaceOrientationLandscapeLeft UIInterfaceOrientationLandscapeRight";
				INFOPLIST_KEY_UISupportedInterfaceOrientations_iPhone = "UIInterfaceOrientationPortrait UIInterfaceOrientationLandscapeLeft UIInterfaceOrientationLandscapeRight";
				LD_RUNPATH_SEARCH_PATHS = (
					"$(inherited)",
					"@executable_path/Frameworks",
				);
				MARKETING_VERSION = 1.0;
				PRODUCT_BUNDLE_IDENTIFIER = com.leemhyungyu.Meme;
				PRODUCT_NAME = "$(TARGET_NAME)";
				SWIFT_EMIT_LOC_STRINGS = YES;
				SWIFT_VERSION = 5.0;
				TARGETED_DEVICE_FAMILY = "1,2";
			};
			name = Release;
		};
/* End XCBuildConfiguration section */

/* Begin XCConfigurationList section */
		2CE5522F2E268F9E004BE9AF /* Build configuration list for PBXProject "Meme" */ = {
			isa = XCConfigurationList;
			buildConfigurations = (
				2CE552462E268FA0004BE9AF /* Debug */,
				2CE552472E268FA0004BE9AF /* Release */,
			);
			defaultConfigurationIsVisible = 0;
			defaultConfigurationName = Release;
		};
		2CE552482E268FA0004BE9AF /* Build configuration list for PBXNativeTarget "Meme-release" */ = {
			isa = XCConfigurationList;
			buildConfigurations = (
				2CE552492E268FA0004BE9AF /* Debug */,
				2CE5524A2E268FA0004BE9AF /* Release */,
			);
			defaultConfigurationIsVisible = 0;
			defaultConfigurationName = Release;
		};
		2CE552542E269159004BE9AF /* Build configuration list for PBXNativeTarget "Meme-dev" */ = {
			isa = XCConfigurationList;
			buildConfigurations = (
				2CE552552E269159004BE9AF /* Debug */,
				2CE552562E269159004BE9AF /* Release */,
			);
			defaultConfigurationIsVisible = 0;
			defaultConfigurationName = Release;
		};
/* End XCConfigurationList section */

/* Begin XCRemoteSwiftPackageReference section */
		2CE5525B2E269532004BE9AF /* XCRemoteSwiftPackageReference "Alamofire" */ = {
			isa = XCRemoteSwiftPackageReference;
			repositoryURL = "https://github.com/Alamofire/Alamofire";
			requirement = {
				kind = upToNextMajorVersion;
				minimumVersion = 5.10.2;
			};
		};
		2CE552612E269571004BE9AF /* XCRemoteSwiftPackageReference "Moya" */ = {
			isa = XCRemoteSwiftPackageReference;
			repositoryURL = "https://github.com/Moya/Moya";
			requirement = {
				kind = upToNextMajorVersion;
				minimumVersion = 15.0.3;
			};
		};
		2CE552662E29220E004BE9AF /* XCRemoteSwiftPackageReference "Kingfisher" */ = {
			isa = XCRemoteSwiftPackageReference;
			repositoryURL = "https://github.com/onevcat/Kingfisher";
			requirement = {
				kind = upToNextMajorVersion;
				minimumVersion = 8.5.0;
			};
		};
/* End XCRemoteSwiftPackageReference section */

/* Begin XCSwiftPackageProductDependency section */
		2CE5525D2E26953F004BE9AF /* Alamofire */ = {
			isa = XCSwiftPackageProductDependency;
			package = 2CE5525B2E269532004BE9AF /* XCRemoteSwiftPackageReference "Alamofire" */;
			productName = Alamofire;
		};
		2CE5525F2E269546004BE9AF /* Alamofire */ = {
			isa = XCSwiftPackageProductDependency;
			package = 2CE5525B2E269532004BE9AF /* XCRemoteSwiftPackageReference "Alamofire" */;
			productName = Alamofire;
		};
		2CE552622E269579004BE9AF /* Moya */ = {
			isa = XCSwiftPackageProductDependency;
			package = 2CE552612E269571004BE9AF /* XCRemoteSwiftPackageReference "Moya" */;
			productName = Moya;
		};
		2CE552642E26957C004BE9AF /* Moya */ = {
			isa = XCSwiftPackageProductDependency;
			package = 2CE552612E269571004BE9AF /* XCRemoteSwiftPackageReference "Moya" */;
			productName = Moya;
		};
		2CE552672E292240004BE9AF /* Kingfisher */ = {
			isa = XCSwiftPackageProductDependency;
			package = 2CE552662E29220E004BE9AF /* XCRemoteSwiftPackageReference "Kingfisher" */;
			productName = Kingfisher;
		};
		2CE552692E292245004BE9AF /* Kingfisher */ = {
			isa = XCSwiftPackageProductDependency;
			package = 2CE552662E29220E004BE9AF /* XCRemoteSwiftPackageReference "Kingfisher" */;
			productName = Kingfisher;
		};
/* End XCSwiftPackageProductDependency section */
	};
	rootObject = 2CE5522C2E268F9E004BE9AF /* Project object */;
}
